<?xml version="1.0" encoding="utf-8"?>
<Project ToolsVersion="4.0" xmlns="http://schemas.microsoft.com/developer/msbuild/2003">
  <ItemGroup>
    <Filter Include="Source Files">
      <UniqueIdentifier>{4FC737F1-C7A5-4376-A066-2A32D752A2FF}</UniqueIdentifier>
      <Extensions>cpp;c;cc;cxx;def;odl;idl;hpj;bat;asm;asmx</Extensions>
    </Filter>
    <Filter Include="Header Files">
      <UniqueIdentifier>{93995380-89BD-4b04-88EB-625FBE52EBFB}</UniqueIdentifier>
      <Extensions>h;hh;hpp;hxx;hm;inl;inc;xsd</Extensions>
    </Filter>
    <Filter Include="Resource Files">
      <UniqueIdentifier>{67DA6AB6-F800-4c08-8B7A-83BB121AAD01}</UniqueIdentifier>
      <Extensions>rc;ico;cur;bmp;dlg;rc2;rct;bin;rgs;gif;jpg;jpeg;jpe;resx;tiff;tif;png;wav;mfcribbon-ms</Extensions>
    </Filter>
    <Filter Include="Source Files\Deps">
      <UniqueIdentifier>{f07e2501-2ca3-46a0-a400-4a95b9da0478}</UniqueIdentifier>
    </Filter>
  </ItemGroup>
  <ItemGroup>
    <ClCompile Include="..\..\Ngrams\fileRead.cpp">
      <Filter>Source Files\Deps</Filter>
    </ClCompile>
    <ClCompile Include="P7.cpp">
      <Filter>Source Files</Filter>
    </ClCompile>
  </ItemGroup>
  <ItemGroup>
    <ClInclude Include="..\..\Ngrams\fileRead.h">
      <Filter>Source Files\Deps</Filter>
    </ClInclude>
    <ClInclude Include="..\..\Ngrams\utilsToStudents.h">
      <Filter>Source Files\Deps</Filter>
    </ClInclude>
    <ClInclude Include="..\..\Ngrams\VectorHash.h">
      <Filter>Source Files\Deps</Filter>
    </ClInclude>
    <ClInclude Include="addDelta.h">
      <Filter>Source Files\Deps</Filter>
    </ClInclude>
    <ClInclude Include="utils.h">
      <Filter>Source Files\Deps</Filter>
    </ClInclude>
  </ItemGroup>
</Project>